
Microsoft Visual Studio Solution File, Format Version 12.00
# Visual Studio Version 17
VisualStudioVersion = 17.11.35312.102
MinimumVisualStudioVersion = 10.0.40219.1
Project("{FAE04EC0-301F-11D3-BF4B-00C04F79EFBC}") = "TixtlySW", "TixtlySW.csproj", "{A2DFD10E-AEE6-4646-9888-A02CABE3AA42}"
EndProject
Global
	GlobalSection(SolutionConfigurationPlatforms) = preSolution
		Debug|Any CPU = Debug|Any CPU
		Release|Any CPU = Release|Any CPU
	EndGlobalSection
	GlobalSection(ProjectConfigurationPlatforms) = postSolution
		{A2DFD10E-AEE6-4646-9888-A02CABE3AA42}.Debug|Any CPU.ActiveCfg = Debug|Any CPU
		{A2DFD10E-AEE6-4646-9888-A02CABE3AA42}.Debug|Any CPU.Build.0 = Debug|Any CPU
		{A2DFD10E-AEE6-4646-9888-A02CABE3AA42}.Release|Any CPU.ActiveCfg = Release|Any CPU
		{A2DFD10E-AEE6-4646-9888-A02CABE3AA42}.Release|Any CPU.Build.0 = Release|Any CPU
	EndGlobalSection
	GlobalSection(SolutionProperties) = preSolution
		HideSolutionNode = FALSE
	EndGlobalSection
	GlobalSection(ExtensibilityGlobals) = postSolution
		SolutionGuid = {31EB33C8-48CC-4A08-BA3A-550C5363B249}
	EndGlobalSection
EndGlobal
